PODS:
  - FlutterMacOS (1.0.0)
  - sekejap (0.0.1):
    - FlutterMacOS

DEPENDENCIES:
  - FlutterMacOS (from `Flutter/ephemeral`)
  - sekejap (from `Flutter/ephemeral/.symlinks/plugins/sekejap/macos`)

EXTERNAL SOURCES:
  FlutterMacOS:
    :path: Flutter/ephemeral
  sekejap:
    :path: Flutter/ephemeral/.symlinks/plugins/sekejap/macos

SPEC CHECKSUMS:
  FlutterMacOS: d0db08ddef1a9af05a5ec4b724367152bb0500b1
  sekejap: 3bc92e69a1a6fcd6e091a3b2909068b16faa6d66

PODFILE CHECKSUM: 54d867c82ac51cbd61b565781b9fada492027009

COCOAPODS: 1.16.2
